
Microsoft Visual Studio Solution File, Format Version 12.00
# Visual Studio Version 17
VisualStudioVersion = 17.6.33829.357
MinimumVisualStudioVersion = 10.0.40219.1
Project("{FAE04EC0-301F-11D3-BF4B-00C04F79EFBC}") = "CrudAPINet7", "CrudAPINet7.csproj", "{BF778F72-B6DB-4B42-BEE8-C715D044A548}"
EndProject
Global
	GlobalSection(SolutionConfigurationPlatforms) = preSolution
		Debug|Any CPU = Debug|Any CPU
		Release|Any CPU = Release|Any CPU
	EndGlobalSection
	GlobalSection(ProjectConfigurationPlatforms) = postSolution
		{BF778F72-B6DB-4B42-BEE8-C715D044A548}.Debug|Any CPU.ActiveCfg = Debug|Any CPU
		{BF778F72-B6DB-4B42-BEE8-C715D044A548}.Debug|Any CPU.Build.0 = Debug|Any CPU
		{BF778F72-B6DB-4B42-BEE8-C715D044A548}.Release|Any CPU.ActiveCfg = Release|Any CPU
		{BF778F72-B6DB-4B42-BEE8-C715D044A548}.Release|Any CPU.Build.0 = Release|Any CPU
	EndGlobalSection
	GlobalSection(SolutionProperties) = preSolution
		HideSolutionNode = FALSE
	EndGlobalSection
	GlobalSection(ExtensibilityGlobals) = postSolution
		SolutionGuid = {0CEAE65B-48EF-4B7C-A55A-FF681BF8A668}
	EndGlobalSection
EndGlobal
